
Microsoft Visual Studio Solution File, Format Version 12.00
# Visual Studio Version 17
VisualStudioVersion = 17.6.33829.357
MinimumVisualStudioVersion = 10.0.40219.1
Project("{FAE04EC0-301F-11D3-BF4B-00C04F79EFBC}") = "Week3", "Week3\Week3.csproj", "{0DA24FE2-2D54-4528-8C08-31D035056F9C}"
EndProject
Global
	GlobalSection(SolutionConfigurationPlatforms) = preSolution
		Debug|Any CPU = Debug|Any CPU
		Release|Any CPU = Release|Any CPU
	EndGlobalSection
	GlobalSection(ProjectConfigurationPlatforms) = postSolution
		{0DA24FE2-2D54-4528-8C08-31D035056F9C}.Debug|Any CPU.ActiveCfg = Debug|Any CPU
		{0DA24FE2-2D54-4528-8C08-31D035056F9C}.Debug|Any CPU.Build.0 = Debug|Any CPU
		{0DA24FE2-2D54-4528-8C08-31D035056F9C}.Release|Any CPU.ActiveCfg = Release|Any CPU
		{0DA24FE2-2D54-4528-8C08-31D035056F9C}.Release|Any CPU.Build.0 = Release|Any CPU
	EndGlobalSection
	GlobalSection(SolutionProperties) = preSolution
		HideSolutionNode = FALSE
	EndGlobalSection
	GlobalSection(ExtensibilityGlobals) = postSolution
		SolutionGuid = {B3896B58-B4FC-49B6-A55C-34ABFEE15086}
	EndGlobalSection
EndGlobal
